// !$*UTF8*$!
{
 archiveVersion = 1;
 classes = {};
 objectVersion = 56;
 objects = {
  1A0000010000000000000001 = {isa = PBXProject; attributes = {LastSwiftUpdateCheck = 1540; LastUpgradeCheck = 1540; TargetAttributes = {1A0000020000000000000002 = {CreatedOnToolsVersion = 15.4;}; 2A0000020000000000000002 = {CreatedOnToolsVersion = 15.4; TestTargetID = 1A0000020000000000000002;};};}; buildConfigurationList = 1A0000030000000000000003; compatibilityVersion = "Xcode 14.0"; developmentRegion = en; hasScannedForEncodings = 0; knownRegions = (en, Base); mainGroup = 1A0000040000000000000004; productRefGroup = 1A0000050000000000000005; projectDirPath = ""; projectRoot = ""; targets = (1A0000020000000000000002, 2A0000020000000000000002); };

  2A0000020000000000000002 = {isa = PBXNativeTarget; buildConfigurationList = 2A0000060000000000000006; buildPhases = (2A0000070000000000000007,2A0000080000000000000008,2A0000090000000000000009); buildRules = (); dependencies = (2A0000100000000000000010); name = SlateBoxTests; productName = SlateBoxTests; productReference = 2A00000A000000000000000A; productType = "com.apple.product-type.bundle.unit-test"; };
  2A0000100000000000000010 = {isa = PBXTargetDependency; target = 1A0000020000000000000002; targetProxy = 2A0000110000000000000011; };
  2A0000110000000000000011 = {isa = PBXContainerItemProxy; containerPortal = 1A0000010000000000000001; proxyType = 1; remoteGlobalIDString = 1A0000020000000000000002; remoteInfo = SlateBox; };
  1A0000020000000000000002 = {isa = PBXNativeTarget; buildConfigurationList = 1A0000060000000000000006; buildPhases = (1A0000070000000000000007,1A0000080000000000000008,1A0000090000000000000009); buildRules = (); dependencies = (); name = SlateBox; productName = SlateBox; productReference = 1A00000A000000000000000A; productType = "com.apple.product-type.application"; };
  1A0000040000000000000004 = {isa = PBXGroup; children = (1A00000B000000000000000B,2A00000B000000000000000B,1A0000050000000000000005); sourceTree = "<group>"; };
  1A0000050000000000000005 = {isa = PBXGroup; children = (1A00000A000000000000000A, 2A00000A000000000000000A); name = Products; sourceTree = "<group>"; };
  1A00000A000000000000000A = {isa = PBXFileReference; explicitFileType = wrapper.application; includeInIndex = 0; path = SlateBox.app; sourceTree = BUILT_PRODUCTS_DIR; };
  2A00000A000000000000000A = {isa = PBXFileReference; explicitFileType = wrapper.cfbundle; includeInIndex = 0; path = SlateBoxTests.xctest; sourceTree = BUILT_PRODUCTS_DIR; };
  1A00000B000000000000000B = {isa = PBXGroup; children = (1A0000000000000000000064, 1A0000000000000000000065, 1A0000000000000000000066, 1A0000000000000000000067, 1A0000000000000000000068, 1A0000000000000000000069, 1A000000000000000000006A, 1A000000000000000000006B, 1A000000000000000000006C, 1A000000000000000000006D, 1A000000000000000000006E, 1A000000000000000000006F, 1A0000000000000000000070, 1A0000000000000000000071, 1A0000000000000000000088, 1A0000000000000000000072, 1A0000000000000000000083, 1A0000000000000000000073, 1A0000000000000000000074, 1A0000000000000000000075, 1A0000000000000000000076, 1A0000000000000000000077, 1A0000000000000000000078, 1A0000000000000000000079, 1A0000000000000000000084, 1A000000000000000000007A, 1A000000000000000000007B, 1A000000000000000000007C, 1A000000000000000000007D, 1A000000000000000000007E, 1A000000000000000000007F, 1A0000000000000000000080, 1A0000000000000000000081, 1A0000000000000000000082, 1A0000000000000000000085, 1A0000000000000000000086, 1A0000000000000000000087, 1A0000000000000000000089, 1A000000000000000000008A, 1A000000000000000000008B, 1A000000000000000000008C, 1A000000000000000000008D, 1A000000000000000000008E, 1A000000000000000000008F, 1A0000000000000000000090, 1A0000000000000000000091, 1A0000000000000000000092, 1A0000000000000000000093, 1A0000000000000000000094, 1A0000000000000000000095); path = ClipVault; sourceTree = "<group>"; };
  2A00000B000000000000000B = {isa = PBXGroup; children = (2A0000000000000000000001, 2A0000000000000000000002, 2A0000000000000000000003, 2A0000000000000000000004, 2A0000000000000000000005, 2A0000000000000000000006, 2A0000000000000000000007, 2A0000000000000000000008); path = ClipVaultTests; sourceTree = "<group>"; };
  2A0000000000000000000001 = {isa = PBXFileReference; lastKnownFileType = sourcecode.swift; path = ProjectCodableTests.swift; sourceTree = "<group>"; };
  2A0000000000000000000002 = {isa = PBXFileReference; lastKnownFileType = sourcecode.swift; path = ClipCodableTests.swift; sourceTree = "<group>"; };
  2A0000000000000000000003 = {isa = PBXFileReference; lastKnownFileType = sourcecode.swift; path = RatingAndSuggestionTests.swift; sourceTree = "<group>"; };
  2A0000000000000000000004 = {isa = PBXFileReference; lastKnownFileType = sourcecode.swift; path = StreamingCopyServiceTests.swift; sourceTree = "<group>"; };
  2A0000000000000000000005 = {isa = PBXFileReference; lastKnownFileType = sourcecode.swift; path = VerificationServiceTests.swift; sourceTree = "<group>"; };
  2A0000000000000000000006 = {isa = PBXFileReference; lastKnownFileType = sourcecode.swift; path = SourceScannerTests.swift; sourceTree = "<group>"; };
  2A0000000000000000000007 = {isa = PBXFileReference; lastKnownFileType = sourcecode.swift; path = ClipExportServiceTests.swift; sourceTree = "<group>"; };
  2A0000000000000000000008 = {isa = PBXFileReference; lastKnownFileType = sourcecode.swift; path = DiagnosticsReportServiceTests.swift; sourceTree = "<group>"; };
  2B0000000000000000000001 = {isa = PBXBuildFile; fileRef = 2A0000000000000000000001; };
  2B0000000000000000000002 = {isa = PBXBuildFile; fileRef = 2A0000000000000000000002; };
  2B0000000000000000000003 = {isa = PBXBuildFile; fileRef = 2A0000000000000000000003; };
  2B0000000000000000000004 = {isa = PBXBuildFile; fileRef = 2A0000000000000000000004; };
  2B0000000000000000000005 = {isa = PBXBuildFile; fileRef = 2A0000000000000000000005; };
  2B0000000000000000000006 = {isa = PBXBuildFile; fileRef = 2A0000000000000000000006; };
  2B0000000000000000000007 = {isa = PBXBuildFile; fileRef = 2A0000000000000000000007; };
  2B0000000000000000000008 = {isa = PBXBuildFile; fileRef = 2A0000000000000000000008; };
  1A0000000000000000000064 = {isa = PBXFileReference; lastKnownFileType = text.plist.entitlements; path = ClipVault.entitlements; sourceTree = "<group>"; };
  1A0000000000000000000065 = {isa = PBXFileReference; lastKnownFileType = sourcecode.swift; path = ClipVaultApp.swift; sourceTree = "<group>"; };
  1B0000000000000000000065 = {isa = PBXBuildFile; fileRef = 1A0000000000000000000065; };
  1A0000000000000000000066 = {isa = PBXFileReference; lastKnownFileType = sourcecode.swift; path = Models/AppSettings.swift; sourceTree = "<group>"; };
  1B0000000000000000000066 = {isa = PBXBuildFile; fileRef = 1A0000000000000000000066; };
  1A0000000000000000000067 = {isa = PBXFileReference; lastKnownFileType = sourcecode.swift; path = Models/Clip.swift; sourceTree = "<group>"; };
  1B0000000000000000000067 = {isa = PBXBuildFile; fileRef = 1A0000000000000000000067; };
  1A0000000000000000000068 = {isa = PBXFileReference; lastKnownFileType = sourcecode.swift; path = Models/ClipStatus.swift; sourceTree = "<group>"; };
  1B0000000000000000000068 = {isa = PBXBuildFile; fileRef = 1A0000000000000000000068; };
  1A0000000000000000000069 = {isa = PBXFileReference; lastKnownFileType = sourcecode.swift; path = Models/IngestJob.swift; sourceTree = "<group>"; };
  1B0000000000000000000069 = {isa = PBXBuildFile; fileRef = 1A0000000000000000000069; };
  1A000000000000000000006A = {isa = PBXFileReference; lastKnownFileType = sourcecode.swift; path = Models/Project.swift; sourceTree = "<group>"; };
  1B000000000000000000006A = {isa = PBXBuildFile; fileRef = 1A000000000000000000006A; };
  1A000000000000000000006B = {isa = PBXFileReference; lastKnownFileType = sourcecode.swift; path = Services/FileMoveService.swift; sourceTree = "<group>"; };
  1B000000000000000000006B = {isa = PBXBuildFile; fileRef = 1A000000000000000000006B; };
  1A000000000000000000006C = {isa = PBXFileReference; lastKnownFileType = sourcecode.swift; path = Services/IngestService.swift; sourceTree = "<group>"; };
  1B000000000000000000006C = {isa = PBXBuildFile; fileRef = 1A000000000000000000006C; };
  1A000000000000000000006D = {isa = PBXFileReference; lastKnownFileType = sourcecode.swift; path = Services/MetadataService.swift; sourceTree = "<group>"; };
  1B000000000000000000006D = {isa = PBXBuildFile; fileRef = 1A000000000000000000006D; };
  1A000000000000000000006E = {isa = PBXFileReference; lastKnownFileType = sourcecode.swift; path = Services/ProjectStore.swift; sourceTree = "<group>"; };
  1B000000000000000000006E = {isa = PBXBuildFile; fileRef = 1A000000000000000000006E; };
  1A000000000000000000006F = {isa = PBXFileReference; lastKnownFileType = sourcecode.swift; path = Services/SecurityScopedBookmarkManager.swift; sourceTree = "<group>"; };
  1B000000000000000000006F = {isa = PBXBuildFile; fileRef = 1A000000000000000000006F; };
  1A0000000000000000000070 = {isa = PBXFileReference; lastKnownFileType = sourcecode.swift; path = Services/SourceScanner.swift; sourceTree = "<group>"; };
  1B0000000000000000000070 = {isa = PBXBuildFile; fileRef = 1A0000000000000000000070; };
  1A0000000000000000000071 = {isa = PBXFileReference; lastKnownFileType = sourcecode.swift; path = Services/ThumbnailService.swift; sourceTree = "<group>"; };
  1B0000000000000000000071 = {isa = PBXBuildFile; fileRef = 1A0000000000000000000071; };
  1A0000000000000000000088 = {isa = PBXFileReference; lastKnownFileType = sourcecode.swift; path = Services/IngestPreviewThumbnailService.swift; sourceTree = "<group>"; };
  1B0000000000000000000088 = {isa = PBXBuildFile; fileRef = 1A0000000000000000000088; };
  1A0000000000000000000072 = {isa = PBXFileReference; lastKnownFileType = sourcecode.swift; path = Services/VerificationService.swift; sourceTree = "<group>"; };
  1B0000000000000000000072 = {isa = PBXBuildFile; fileRef = 1A0000000000000000000072; };
  1A0000000000000000000083 = {isa = PBXFileReference; lastKnownFileType = sourcecode.swift; path = Services/StreamingCopyService.swift; sourceTree = "<group>"; };
  1B0000000000000000000083 = {isa = PBXBuildFile; fileRef = 1A0000000000000000000083; };
  1A0000000000000000000073 = {isa = PBXFileReference; lastKnownFileType = sourcecode.swift; path = Utilities/Formatters.swift; sourceTree = "<group>"; };
  1B0000000000000000000073 = {isa = PBXBuildFile; fileRef = 1A0000000000000000000073; };
  1A0000000000000000000074 = {isa = PBXFileReference; lastKnownFileType = sourcecode.swift; path = ViewModels/HomeViewModel.swift; sourceTree = "<group>"; };
  1B0000000000000000000074 = {isa = PBXBuildFile; fileRef = 1A0000000000000000000074; };
  1A0000000000000000000075 = {isa = PBXFileReference; lastKnownFileType = sourcecode.swift; path = ViewModels/LibraryViewModel.swift; sourceTree = "<group>"; };
  1B0000000000000000000075 = {isa = PBXBuildFile; fileRef = 1A0000000000000000000075; };
  1A0000000000000000000076 = {isa = PBXFileReference; lastKnownFileType = sourcecode.swift; path = ViewModels/NewIngestViewModel.swift; sourceTree = "<group>"; };
  1B0000000000000000000076 = {isa = PBXBuildFile; fileRef = 1A0000000000000000000076; };
  1A0000000000000000000077 = {isa = PBXFileReference; lastKnownFileType = sourcecode.swift; path = ViewModels/PlayerViewModel.swift; sourceTree = "<group>"; };
  1B0000000000000000000077 = {isa = PBXBuildFile; fileRef = 1A0000000000000000000077; };
  1A0000000000000000000078 = {isa = PBXFileReference; lastKnownFileType = sourcecode.swift; path = Views/ClipCardView.swift; sourceTree = "<group>"; };
  1B0000000000000000000078 = {isa = PBXBuildFile; fileRef = 1A0000000000000000000078; };
  1A0000000000000000000079 = {isa = PBXFileReference; lastKnownFileType = sourcecode.swift; path = Views/ClipGridView.swift; sourceTree = "<group>"; };
  1B0000000000000000000079 = {isa = PBXBuildFile; fileRef = 1A0000000000000000000079; };
  1A0000000000000000000084 = {isa = PBXFileReference; lastKnownFileType = sourcecode.swift; path = Views/KeyboardShortcutCatcher.swift; sourceTree = "<group>"; };
  1B0000000000000000000084 = {isa = PBXBuildFile; fileRef = 1A0000000000000000000084; };
  1A000000000000000000007A = {isa = PBXFileReference; lastKnownFileType = sourcecode.swift; path = Views/ClipInspectorView.swift; sourceTree = "<group>"; };
  1B000000000000000000007A = {isa = PBXBuildFile; fileRef = 1A000000000000000000007A; };
  1A000000000000000000007B = {isa = PBXFileReference; lastKnownFileType = sourcecode.swift; path = Views/HomeView.swift; sourceTree = "<group>"; };
  1B000000000000000000007B = {isa = PBXBuildFile; fileRef = 1A000000000000000000007B; };
  1A000000000000000000007C = {isa = PBXFileReference; lastKnownFileType = sourcecode.swift; path = Views/IngestProgressView.swift; sourceTree = "<group>"; };
  1B000000000000000000007C = {isa = PBXBuildFile; fileRef = 1A000000000000000000007C; };
  1A000000000000000000007D = {isa = PBXFileReference; lastKnownFileType = sourcecode.swift; path = Views/LibraryView.swift; sourceTree = "<group>"; };
  1B000000000000000000007D = {isa = PBXBuildFile; fileRef = 1A000000000000000000007D; };
  1A000000000000000000007E = {isa = PBXFileReference; lastKnownFileType = sourcecode.swift; path = Views/NewIngestView.swift; sourceTree = "<group>"; };
  1B000000000000000000007E = {isa = PBXBuildFile; fileRef = 1A000000000000000000007E; };
  1A000000000000000000007F = {isa = PBXFileReference; lastKnownFileType = sourcecode.swift; path = Views/PlayerPreviewView.swift; sourceTree = "<group>"; };
  1B000000000000000000007F = {isa = PBXBuildFile; fileRef = 1A000000000000000000007F; };
  1A0000000000000000000080 = {isa = PBXFileReference; lastKnownFileType = sourcecode.swift; path = Views/RootView.swift; sourceTree = "<group>"; };
  1B0000000000000000000080 = {isa = PBXBuildFile; fileRef = 1A0000000000000000000080; };
  1A0000000000000000000081 = {isa = PBXFileReference; lastKnownFileType = sourcecode.swift; path = Views/SettingsView.swift; sourceTree = "<group>"; };
  1B0000000000000000000081 = {isa = PBXBuildFile; fileRef = 1A0000000000000000000081; };
  1A0000000000000000000082 = {isa = PBXFileReference; lastKnownFileType = sourcecode.swift; path = Views/SidebarView.swift; sourceTree = "<group>"; };
  1B0000000000000000000082 = {isa = PBXBuildFile; fileRef = 1A0000000000000000000082; };

  1A0000000000000000000085 = {isa = PBXFileReference; lastKnownFileType = sourcecode.swift; path = AppBrand.swift; sourceTree = "<group>"; };
  1B0000000000000000000085 = {isa = PBXBuildFile; fileRef = 1A0000000000000000000085; };
  1A0000000000000000000086 = {isa = PBXFileReference; lastKnownFileType = sourcecode.swift; path = Services/LocalAnalysisService.swift; sourceTree = "<group>"; };
  1B0000000000000000000086 = {isa = PBXBuildFile; fileRef = 1A0000000000000000000086; };
  1A0000000000000000000087 = {isa = PBXFileReference; lastKnownFileType = sourcecode.swift; path = Services/LocalSuggestionService.swift; sourceTree = "<group>"; };
  1B0000000000000000000087 = {isa = PBXBuildFile; fileRef = 1A0000000000000000000087; };
  1A0000000000000000000089 = {isa = PBXFileReference; lastKnownFileType = sourcecode.swift; path = Services/SystemPerformanceProfile.swift; sourceTree = "<group>"; };
  1B0000000000000000000089 = {isa = PBXBuildFile; fileRef = 1A0000000000000000000089; };
  1A000000000000000000008A = {isa = PBXFileReference; lastKnownFileType = sourcecode.swift; path = Services/PerformanceLogger.swift; sourceTree = "<group>"; };
  1B000000000000000000008A = {isa = PBXBuildFile; fileRef = 1A000000000000000000008A; };
  1A000000000000000000008B = {isa = PBXFileReference; lastKnownFileType = sourcecode.swift; path = Services/BackgroundWorkCoordinator.swift; sourceTree = "<group>"; };
  1A000000000000000000008C = {isa = PBXFileReference; lastKnownFileType = sourcecode.swift; path = Services/VolumeSourceService.swift; sourceTree = "<group>"; };
  1A000000000000000000008D = {isa = PBXFileReference; lastKnownFileType = sourcecode.swift; path = Views/NewIngestWindowManager.swift; sourceTree = "<group>"; };
  1A000000000000000000008E = {isa = PBXFileReference; lastKnownFileType = sourcecode.swift; path = Services/ClipExportService.swift; sourceTree = "<group>"; };
  1A000000000000000000008F = {isa = PBXFileReference; lastKnownFileType = sourcecode.swift; path = Views/BatchMetadataView.swift; sourceTree = "<group>"; };
  1A0000000000000000000090 = {isa = PBXFileReference; lastKnownFileType = sourcecode.swift; path = Services/AliasService.swift; sourceTree = "<group>"; };
  1A0000000000000000000091 = {isa = PBXFileReference; lastKnownFileType = sourcecode.swift; path = Services/ThumbnailImageCache.swift; sourceTree = "<group>"; };
  1A0000000000000000000092 = {isa = PBXFileReference; lastKnownFileType = folder.assetcatalog; path = Assets.xcassets; sourceTree = "<group>"; };
  1A0000000000000000000093 = {isa = PBXFileReference; lastKnownFileType = sourcecode.swift; path = Views/OnboardingView.swift; sourceTree = "<group>"; };
  1A0000000000000000000094 = {isa = PBXFileReference; lastKnownFileType = sourcecode.swift; path = Views/KeyboardShortcutsView.swift; sourceTree = "<group>"; };
  1A0000000000000000000095 = {isa = PBXFileReference; lastKnownFileType = sourcecode.swift; path = Services/DiagnosticsReportService.swift; sourceTree = "<group>"; };
  1B0000000000000000000093 = {isa = PBXBuildFile; fileRef = 1A0000000000000000000093; };
  1B0000000000000000000094 = {isa = PBXBuildFile; fileRef = 1A0000000000000000000094; };
  1B0000000000000000000095 = {isa = PBXBuildFile; fileRef = 1A0000000000000000000095; };
  1B000000000000000000008B = {isa = PBXBuildFile; fileRef = 1A000000000000000000008B; };
  1B000000000000000000008C = {isa = PBXBuildFile; fileRef = 1A000000000000000000008C; };
  1B000000000000000000008D = {isa = PBXBuildFile; fileRef = 1A000000000000000000008D; };
  1B000000000000000000008E = {isa = PBXBuildFile; fileRef = 1A000000000000000000008E; };
  1B000000000000000000008F = {isa = PBXBuildFile; fileRef = 1A000000000000000000008F; };
  1B0000000000000000000090 = {isa = PBXBuildFile; fileRef = 1A0000000000000000000090; };
  1B0000000000000000000091 = {isa = PBXBuildFile; fileRef = 1A0000000000000000000091; };
  1B0000000000000000000092 = {isa = PBXBuildFile; fileRef = 1A0000000000000000000092; };


  2A0000070000000000000007 = {isa = PBXSourcesBuildPhase; buildActionMask = 2147483647; files = (2B0000000000000000000001, 2B0000000000000000000002, 2B0000000000000000000003, 2B0000000000000000000004, 2B0000000000000000000005, 2B0000000000000000000006, 2B0000000000000000000007, 2B0000000000000000000008); runOnlyForDeploymentPostprocessing = 0; };
  2A0000080000000000000008 = {isa = PBXFrameworksBuildPhase; buildActionMask = 2147483647; files = (); runOnlyForDeploymentPostprocessing = 0; };
  2A0000090000000000000009 = {isa = PBXResourcesBuildPhase; buildActionMask = 2147483647; files = (); runOnlyForDeploymentPostprocessing = 0; };
  1A0000070000000000000007 = {isa = PBXSourcesBuildPhase; buildActionMask = 2147483647; files = (1B0000000000000000000065, 1B0000000000000000000066, 1B0000000000000000000067, 1B0000000000000000000068, 1B0000000000000000000069, 1B000000000000000000006A, 1B000000000000000000006B, 1B000000000000000000006C, 1B000000000000000000006D, 1B000000000000000000006E, 1B000000000000000000006F, 1B0000000000000000000070, 1B0000000000000000000071, 1B0000000000000000000088, 1B0000000000000000000072, 1B0000000000000000000083, 1B0000000000000000000073, 1B0000000000000000000074, 1B0000000000000000000075, 1B0000000000000000000076, 1B0000000000000000000077, 1B0000000000000000000078, 1B0000000000000000000079, 1B0000000000000000000084, 1B000000000000000000007A, 1B000000000000000000007B, 1B000000000000000000007C, 1B000000000000000000007D, 1B000000000000000000007E, 1B000000000000000000007F, 1B0000000000000000000080, 1B0000000000000000000081, 1B0000000000000000000082, 1B0000000000000000000085, 1B0000000000000000000086, 1B0000000000000000000087, 1B0000000000000000000089, 1B000000000000000000008A, 1B000000000000000000008B, 1B000000000000000000008C, 1B000000000000000000008D, 1B000000000000000000008E, 1B000000000000000000008F, 1B0000000000000000000090, 1B0000000000000000000091, 1B0000000000000000000093, 1B0000000000000000000094, 1B0000000000000000000095); runOnlyForDeploymentPostprocessing = 0; };
  1A0000080000000000000008 = {isa = PBXFrameworksBuildPhase; buildActionMask = 2147483647; files = (); runOnlyForDeploymentPostprocessing = 0; };
  1A0000090000000000000009 = {isa = PBXResourcesBuildPhase; buildActionMask = 2147483647; files = (1B0000000000000000000092); runOnlyForDeploymentPostprocessing = 0; };

  2A0000060000000000000006 = {isa = XCConfigurationList; buildConfigurations = (2A00000E000000000000000E,2A00000F000000000000000F); defaultConfigurationIsVisible = 0; defaultConfigurationName = Release; };
  2A00000E000000000000000E = {isa = XCBuildConfiguration; buildSettings = {BUNDLE_LOADER = "$(TEST_HOST)"; CODE_SIGN_STYLE = Automatic; GENERATE_INFOPLIST_FILE = YES; LD_RUNPATH_SEARCH_PATHS = "$(inherited) @executable_path/../Frameworks @loader_path/../Frameworks"; MACOSX_DEPLOYMENT_TARGET = 14.0; PRODUCT_BUNDLE_IDENTIFIER = com.slatebox.mac.tests; PRODUCT_NAME = "$(TARGET_NAME)"; ARCHS = arm64; ONLY_ACTIVE_ARCH = YES; SWIFT_VERSION = 5.0; TEST_HOST = "$(BUILT_PRODUCTS_DIR)/SlateBox.app/Contents/MacOS/SlateBox"; }; name = Debug; };
  2A00000F000000000000000F = {isa = XCBuildConfiguration; buildSettings = {BUNDLE_LOADER = "$(TEST_HOST)"; CODE_SIGN_STYLE = Automatic; GENERATE_INFOPLIST_FILE = YES; LD_RUNPATH_SEARCH_PATHS = "$(inherited) @executable_path/../Frameworks @loader_path/../Frameworks"; MACOSX_DEPLOYMENT_TARGET = 14.0; PRODUCT_BUNDLE_IDENTIFIER = com.slatebox.mac.tests; PRODUCT_NAME = "$(TARGET_NAME)"; ARCHS = arm64; ONLY_ACTIVE_ARCH = YES; SWIFT_VERSION = 5.0; TEST_HOST = "$(BUILT_PRODUCTS_DIR)/SlateBox.app/Contents/MacOS/SlateBox"; }; name = Release; };
  1A0000030000000000000003 = {isa = XCConfigurationList; buildConfigurations = (1A00000C000000000000000C,1A00000D000000000000000D); defaultConfigurationIsVisible = 0; defaultConfigurationName = Release; };
  1A0000060000000000000006 = {isa = XCConfigurationList; buildConfigurations = (1A00000E000000000000000E,1A00000F000000000000000F); defaultConfigurationIsVisible = 0; defaultConfigurationName = Release; };
  1A00000C000000000000000C = {isa = XCBuildConfiguration; buildSettings = {ALWAYS_SEARCH_USER_PATHS = NO; CLANG_ENABLE_MODULES = YES; SDKROOT = macosx; ARCHS = arm64; ONLY_ACTIVE_ARCH = YES; SWIFT_VERSION = 5.0; SWIFT_STRICT_CONCURRENCY = targeted; SWIFT_OPTIMIZATION_LEVEL = "-Onone";}; name = Debug; };
  1A00000D000000000000000D = {isa = XCBuildConfiguration; buildSettings = {ALWAYS_SEARCH_USER_PATHS = NO; CLANG_ENABLE_MODULES = YES; SDKROOT = macosx; ARCHS = arm64; ONLY_ACTIVE_ARCH = YES; SWIFT_VERSION = 5.0; SWIFT_STRICT_CONCURRENCY = targeted; SWIFT_OPTIMIZATION_LEVEL = "-O"; SWIFT_COMPILATION_MODE = wholemodule;}; name = Release; };
  1A00000E000000000000000E = {isa = XCBuildConfiguration; buildSettings = {CODE_SIGN_ENTITLEMENTS = ClipVault/ClipVault.entitlements; CODE_SIGN_STYLE = Automatic; COMBINE_HIDPI_IMAGES = YES; CURRENT_PROJECT_VERSION = 1; GENERATE_INFOPLIST_FILE = YES; INFOPLIST_KEY_CFBundleDisplayName = SlateBox; ASSETCATALOG_COMPILER_APPICON_NAME = AppIcon; ENABLE_TESTABILITY = YES; INFOPLIST_KEY_LSApplicationCategoryType = "public.app-category.video"; INFOPLIST_KEY_NSRemovableVolumesUsageDescription = "SlateBox reads camera cards and drives you choose so it can scan sessions and copy clips. It never modifies or deletes files on your cards."; LD_RUNPATH_SEARCH_PATHS = "$(inherited) @executable_path/../Frameworks"; MARKETING_VERSION = 1.0; PRODUCT_BUNDLE_IDENTIFIER = com.slatebox.mac; PRODUCT_NAME = SlateBox; ARCHS = arm64; ONLY_ACTIVE_ARCH = YES; SWIFT_VERSION = 5.0; MACOSX_DEPLOYMENT_TARGET = 14.0;}; name = Debug; };
  1A00000F000000000000000F = {isa = XCBuildConfiguration; buildSettings = {CODE_SIGN_ENTITLEMENTS = ClipVault/ClipVault.entitlements; CODE_SIGN_STYLE = Automatic; COMBINE_HIDPI_IMAGES = YES; CURRENT_PROJECT_VERSION = 1; GENERATE_INFOPLIST_FILE = YES; INFOPLIST_KEY_CFBundleDisplayName = SlateBox; ASSETCATALOG_COMPILER_APPICON_NAME = AppIcon; INFOPLIST_KEY_LSApplicationCategoryType = "public.app-category.video"; INFOPLIST_KEY_NSRemovableVolumesUsageDescription = "SlateBox reads camera cards and drives you choose so it can scan sessions and copy clips. It never modifies or deletes files on your cards."; LD_RUNPATH_SEARCH_PATHS = "$(inherited) @executable_path/../Frameworks"; MARKETING_VERSION = 1.0; PRODUCT_BUNDLE_IDENTIFIER = com.slatebox.mac; PRODUCT_NAME = SlateBox; ARCHS = arm64; ONLY_ACTIVE_ARCH = YES; SWIFT_VERSION = 5.0; MACOSX_DEPLOYMENT_TARGET = 14.0;}; name = Release; };
 };
 rootObject = 1A0000010000000000000001;
}
