// !$*UTF8*$!
{archiveVersion=1;classes={};objectVersion=56;objects={
P1={isa=PBXProject;attributes={LastSwiftUpdateCheck=1540;LastUpgradeCheck=1540;TargetAttributes={T1={CreatedOnToolsVersion=15.4;};T2={CreatedOnToolsVersion=15.4;TestTargetID=T1;};};};buildConfigurationList=CL1;compatibilityVersion="Xcode 14.0";developmentRegion=en;hasScannedForEncodings=0;knownRegions=(en,Base);mainGroup=G1;productRefGroup=G2;projectDirPath="";projectRoot="";targets=(T1,T2);};
T1={isa=PBXNativeTarget;buildConfigurationList=CL2;buildPhases=(S1,F1,R1);buildRules=();dependencies=();name=SlateBox;productName=SlateBox;productReference=PR1;productType="com.apple.product-type.application";};
T2={isa=PBXNativeTarget;buildConfigurationList=CL3;buildPhases=(S2,F2,R2);buildRules=();dependencies=(TD1);name=SlateBoxTests;productName=SlateBoxTests;productReference=PR2;productType="com.apple.product-type.bundle.unit-test";};
TD1={isa=PBXTargetDependency;target=T1;targetProxy=PX1;};
PX1={isa=PBXContainerItemProxy;containerPortal=P1;proxyType=1;remoteGlobalIDString=T1;remoteInfo=SlateBox;};
G1={isa=PBXGroup;children=(G3,G4,G2);sourceTree="<group>";};
G2={isa=PBXGroup;children=(PR1,PR2);name=Products;sourceTree="<group>";};
PR1={isa=PBXFileReference;explicitFileType=wrapper.application;includeInIndex=0;path=SlateBox.app;sourceTree=BUILT_PRODUCTS_DIR;};
PR2={isa=PBXFileReference;explicitFileType=wrapper.cfbundle;includeInIndex=0;path=SlateBoxTests.xctest;sourceTree=BUILT_PRODUCTS_DIR;};
AF00={isa=PBXFileReference;lastKnownFileType=text.plist.entitlements;path=ClipVault.entitlements;sourceTree="<group>";};
AF01={isa=PBXFileReference;lastKnownFileType=sourcecode.swift;path=ClipVaultApp.swift;sourceTree="<group>";};
AB01={isa=PBXBuildFile;fileRef=AF01;};
AF02={isa=PBXFileReference;lastKnownFileType=sourcecode.swift;path=Models/AppSettings.swift;sourceTree="<group>";};
AB02={isa=PBXBuildFile;fileRef=AF02;};
AF03={isa=PBXFileReference;lastKnownFileType=sourcecode.swift;path=Models/Clip.swift;sourceTree="<group>";};
AB03={isa=PBXBuildFile;fileRef=AF03;};
AF04={isa=PBXFileReference;lastKnownFileType=sourcecode.swift;path=Models/ClipStatus.swift;sourceTree="<group>";};
AB04={isa=PBXBuildFile;fileRef=AF04;};
AF05={isa=PBXFileReference;lastKnownFileType=sourcecode.swift;path=Models/IngestJob.swift;sourceTree="<group>";};
AB05={isa=PBXBuildFile;fileRef=AF05;};
AF06={isa=PBXFileReference;lastKnownFileType=sourcecode.swift;path=Models/Project.swift;sourceTree="<group>";};
AB06={isa=PBXBuildFile;fileRef=AF06;};
AF07={isa=PBXFileReference;lastKnownFileType=sourcecode.swift;path=Services/FileMoveService.swift;sourceTree="<group>";};
AB07={isa=PBXBuildFile;fileRef=AF07;};
AF08={isa=PBXFileReference;lastKnownFileType=sourcecode.swift;path=Services/IngestService.swift;sourceTree="<group>";};
AB08={isa=PBXBuildFile;fileRef=AF08;};
AF09={isa=PBXFileReference;lastKnownFileType=sourcecode.swift;path=Services/MetadataService.swift;sourceTree="<group>";};
AB09={isa=PBXBuildFile;fileRef=AF09;};
AF0A={isa=PBXFileReference;lastKnownFileType=sourcecode.swift;path=Services/ProjectStore.swift;sourceTree="<group>";};
AB0A={isa=PBXBuildFile;fileRef=AF0A;};
AF0B={isa=PBXFileReference;lastKnownFileType=sourcecode.swift;path=Services/SecurityScopedBookmarkManager.swift;sourceTree="<group>";};
AB0B={isa=PBXBuildFile;fileRef=AF0B;};
AF0C={isa=PBXFileReference;lastKnownFileType=sourcecode.swift;path=Services/SourceScanner.swift;sourceTree="<group>";};
AB0C={isa=PBXBuildFile;fileRef=AF0C;};
AF0D={isa=PBXFileReference;lastKnownFileType=sourcecode.swift;path=Services/ThumbnailService.swift;sourceTree="<group>";};
AB0D={isa=PBXBuildFile;fileRef=AF0D;};
AF0E={isa=PBXFileReference;lastKnownFileType=sourcecode.swift;path=Services/IngestPreviewThumbnailService.swift;sourceTree="<group>";};
AB0E={isa=PBXBuildFile;fileRef=AF0E;};
AF0F={isa=PBXFileReference;lastKnownFileType=sourcecode.swift;path=Services/VerificationService.swift;sourceTree="<group>";};
AB0F={isa=PBXBuildFile;fileRef=AF0F;};
AF10={isa=PBXFileReference;lastKnownFileType=sourcecode.swift;path=Services/StreamingCopyService.swift;sourceTree="<group>";};
AB10={isa=PBXBuildFile;fileRef=AF10;};
AF11={isa=PBXFileReference;lastKnownFileType=sourcecode.swift;path=Utilities/Formatters.swift;sourceTree="<group>";};
AB11={isa=PBXBuildFile;fileRef=AF11;};
AF12={isa=PBXFileReference;lastKnownFileType=sourcecode.swift;path=ViewModels/HomeViewModel.swift;sourceTree="<group>";};
AB12={isa=PBXBuildFile;fileRef=AF12;};
AF13={isa=PBXFileReference;lastKnownFileType=sourcecode.swift;path=ViewModels/LibraryViewModel.swift;sourceTree="<group>";};
AB13={isa=PBXBuildFile;fileRef=AF13;};
AF14={isa=PBXFileReference;lastKnownFileType=sourcecode.swift;path=ViewModels/NewIngestViewModel.swift;sourceTree="<group>";};
AB14={isa=PBXBuildFile;fileRef=AF14;};
AF15={isa=PBXFileReference;lastKnownFileType=sourcecode.swift;path=ViewModels/PlayerViewModel.swift;sourceTree="<group>";};
AB15={isa=PBXBuildFile;fileRef=AF15;};
AF16={isa=PBXFileReference;lastKnownFileType=sourcecode.swift;path=Views/ClipCardView.swift;sourceTree="<group>";};
AB16={isa=PBXBuildFile;fileRef=AF16;};
AF17={isa=PBXFileReference;lastKnownFileType=sourcecode.swift;path=Views/ClipGridView.swift;sourceTree="<group>";};
AB17={isa=PBXBuildFile;fileRef=AF17;};
AF18={isa=PBXFileReference;lastKnownFileType=sourcecode.swift;path=Views/KeyboardShortcutCatcher.swift;sourceTree="<group>";};
AB18={isa=PBXBuildFile;fileRef=AF18;};
AF19={isa=PBXFileReference;lastKnownFileType=sourcecode.swift;path=Views/ClipInspectorView.swift;sourceTree="<group>";};
AB19={isa=PBXBuildFile;fileRef=AF19;};
AF1A={isa=PBXFileReference;lastKnownFileType=sourcecode.swift;path=Views/HomeView.swift;sourceTree="<group>";};
AB1A={isa=PBXBuildFile;fileRef=AF1A;};
AF1B={isa=PBXFileReference;lastKnownFileType=sourcecode.swift;path=Views/IngestProgressView.swift;sourceTree="<group>";};
AB1B={isa=PBXBuildFile;fileRef=AF1B;};
AF1C={isa=PBXFileReference;lastKnownFileType=sourcecode.swift;path=Views/LibraryView.swift;sourceTree="<group>";};
AB1C={isa=PBXBuildFile;fileRef=AF1C;};
AF1D={isa=PBXFileReference;lastKnownFileType=sourcecode.swift;path=Views/NewIngestView.swift;sourceTree="<group>";};
AB1D={isa=PBXBuildFile;fileRef=AF1D;};
AF1E={isa=PBXFileReference;lastKnownFileType=sourcecode.swift;path=Views/PlayerPreviewView.swift;sourceTree="<group>";};
AB1E={isa=PBXBuildFile;fileRef=AF1E;};
AF1F={isa=PBXFileReference;lastKnownFileType=sourcecode.swift;path=Views/RootView.swift;sourceTree="<group>";};
AB1F={isa=PBXBuildFile;fileRef=AF1F;};
AF20={isa=PBXFileReference;lastKnownFileType=sourcecode.swift;path=Views/SettingsView.swift;sourceTree="<group>";};
AB20={isa=PBXBuildFile;fileRef=AF20;};
AF21={isa=PBXFileReference;lastKnownFileType=sourcecode.swift;path=Views/SidebarView.swift;sourceTree="<group>";};
AB21={isa=PBXBuildFile;fileRef=AF21;};
AF22={isa=PBXFileReference;lastKnownFileType=sourcecode.swift;path=AppBrand.swift;sourceTree="<group>";};
AB22={isa=PBXBuildFile;fileRef=AF22;};
AF23={isa=PBXFileReference;lastKnownFileType=sourcecode.swift;path=Services/LocalAnalysisService.swift;sourceTree="<group>";};
AB23={isa=PBXBuildFile;fileRef=AF23;};
AF24={isa=PBXFileReference;lastKnownFileType=sourcecode.swift;path=Services/LocalSuggestionService.swift;sourceTree="<group>";};
AB24={isa=PBXBuildFile;fileRef=AF24;};
AF25={isa=PBXFileReference;lastKnownFileType=sourcecode.swift;path=Services/SystemPerformanceProfile.swift;sourceTree="<group>";};
AB25={isa=PBXBuildFile;fileRef=AF25;};
AF26={isa=PBXFileReference;lastKnownFileType=sourcecode.swift;path=Services/PerformanceLogger.swift;sourceTree="<group>";};
AB26={isa=PBXBuildFile;fileRef=AF26;};
AF27={isa=PBXFileReference;lastKnownFileType=sourcecode.swift;path=Services/BackgroundWorkCoordinator.swift;sourceTree="<group>";};
AB27={isa=PBXBuildFile;fileRef=AF27;};
AF28={isa=PBXFileReference;lastKnownFileType=sourcecode.swift;path=Services/VolumeSourceService.swift;sourceTree="<group>";};
AB28={isa=PBXBuildFile;fileRef=AF28;};
AF29={isa=PBXFileReference;lastKnownFileType=sourcecode.swift;path=Views/NewIngestWindowManager.swift;sourceTree="<group>";};
AB29={isa=PBXBuildFile;fileRef=AF29;};
AF2A={isa=PBXFileReference;lastKnownFileType=sourcecode.swift;path=Services/ClipExportService.swift;sourceTree="<group>";};
AB2A={isa=PBXBuildFile;fileRef=AF2A;};
AF2B={isa=PBXFileReference;lastKnownFileType=sourcecode.swift;path=Views/BatchMetadataView.swift;sourceTree="<group>";};
AB2B={isa=PBXBuildFile;fileRef=AF2B;};
AF2C={isa=PBXFileReference;lastKnownFileType=sourcecode.swift;path=Services/AliasService.swift;sourceTree="<group>";};
AB2C={isa=PBXBuildFile;fileRef=AF2C;};
AF2D={isa=PBXFileReference;lastKnownFileType=sourcecode.swift;path=Services/ThumbnailImageCache.swift;sourceTree="<group>";};
AB2D={isa=PBXBuildFile;fileRef=AF2D;};
AF2E={isa=PBXFileReference;lastKnownFileType=folder.assetcatalog;path=Assets.xcassets;sourceTree="<group>";};
AB2E={isa=PBXBuildFile;fileRef=AF2E;};
AF2F={isa=PBXFileReference;lastKnownFileType=sourcecode.swift;path=Views/OnboardingView.swift;sourceTree="<group>";};
AB2F={isa=PBXBuildFile;fileRef=AF2F;};
AF30={isa=PBXFileReference;lastKnownFileType=sourcecode.swift;path=Views/KeyboardShortcutsView.swift;sourceTree="<group>";};
AB30={isa=PBXBuildFile;fileRef=AF30;};
AF31={isa=PBXFileReference;lastKnownFileType=sourcecode.swift;path=Services/DiagnosticsReportService.swift;sourceTree="<group>";};
AB31={isa=PBXBuildFile;fileRef=AF31;};
AF32={isa=PBXFileReference;lastKnownFileType=sourcecode.swift;path=Services/PreflightMediaCheckService.swift;sourceTree="<group>";};
AB32={isa=PBXBuildFile;fileRef=AF32;};
AF33={isa=PBXFileReference;lastKnownFileType=sourcecode.swift;path=ViewModels/PreflightMediaCheckViewModel.swift;sourceTree="<group>";};
AB33={isa=PBXBuildFile;fileRef=AF33;};
AF34={isa=PBXFileReference;lastKnownFileType=sourcecode.swift;path=Views/PreflightMediaCheckViews.swift;sourceTree="<group>";};
AB34={isa=PBXBuildFile;fileRef=AF34;};
AF35={isa=PBXFileReference;lastKnownFileType=sourcecode.swift;path=Services/StorageRecovery.swift;sourceTree="<group>";};
AB35={isa=PBXBuildFile;fileRef=AF35;};
AF36={isa=PBXFileReference;lastKnownFileType=sourcecode.swift;path=Services/GitHubUpdateCheckService.swift;sourceTree="<group>";};
AB36={isa=PBXBuildFile;fileRef=AF36;};
AF37={isa=PBXFileReference;lastKnownFileType=sourcecode.swift;path=ViewModels/LibrarySelectionController.swift;sourceTree="<group>";};
AB37={isa=PBXBuildFile;fileRef=AF37;};
AF38={isa=PBXFileReference;lastKnownFileType=sourcecode.swift;path=ViewModels/LibraryFilterSortController.swift;sourceTree="<group>";};
AB38={isa=PBXBuildFile;fileRef=AF38;};
AF39={isa=PBXFileReference;lastKnownFileType=sourcecode.swift;path=ViewModels/LibraryThumbnailCoordinator.swift;sourceTree="<group>";};
AB39={isa=PBXBuildFile;fileRef=AF39;};
AF3A={isa=PBXFileReference;lastKnownFileType=sourcecode.swift;path=ViewModels/LibraryAnalysisCoordinator.swift;sourceTree="<group>";};
AB3A={isa=PBXBuildFile;fileRef=AF3A;};
AF3B={isa=PBXFileReference;lastKnownFileType=sourcecode.swift;path=ViewModels/LibraryExportCoordinator.swift;sourceTree="<group>";};
AB3B={isa=PBXBuildFile;fileRef=AF3B;};
AF3C={isa=PBXFileReference;lastKnownFileType=sourcecode.swift;path="ViewModels/LibraryViewModel+Media.swift";sourceTree="<group>";};
AB3C={isa=PBXBuildFile;fileRef=AF3C;};
AF3D={isa=PBXFileReference;lastKnownFileType=sourcecode.swift;path="ViewModels/LibraryViewModel+Ops.swift";sourceTree="<group>";};
AB3D={isa=PBXBuildFile;fileRef=AF3D;};
AF3E={isa=PBXFileReference;lastKnownFileType=sourcecode.swift;path="ViewModels/LibraryViewModel+ExportMeta.swift";sourceTree="<group>";};
AB3E={isa=PBXBuildFile;fileRef=AF3E;};
AF3F={isa=PBXFileReference;lastKnownFileType=sourcecode.swift;path="Views/NewIngestView+SessionUI.swift";sourceTree="<group>";};
AB3F={isa=PBXBuildFile;fileRef=AF3F;};
AF40={isa=PBXFileReference;lastKnownFileType=sourcecode.swift;path="ViewModels/NewIngestViewModel+SelectNewOnly.swift";sourceTree="<group>";};
AB40={isa=PBXBuildFile;fileRef=AF40;};
AF41={isa=PBXFileReference;lastKnownFileType=sourcecode.swift;path="ViewModels/NewIngestViewModel+PreviewAndSessions.swift";sourceTree="<group>";};
AB41={isa=PBXBuildFile;fileRef=AF41;};
AF42={isa=PBXFileReference;lastKnownFileType=sourcecode.swift;path="ViewModels/NewIngestViewModel+SourceAccess.swift";sourceTree="<group>";};
AB42={isa=PBXBuildFile;fileRef=AF42;};
AF43={isa=PBXFileReference;lastKnownFileType=sourcecode.swift;path=ViewModels/IngestWindowPreviewCleanup.swift;sourceTree="<group>";};
AB43={isa=PBXBuildFile;fileRef=AF43;};
G3={isa=PBXGroup;children=(AF00,AF01,AF02,AF03,AF04,AF05,AF06,AF07,AF08,AF09,AF0A,AF0B,AF0C,AF0D,AF0E,AF0F,AF10,AF11,AF12,AF13,AF14,AF15,AF16,AF17,AF18,AF19,AF1A,AF1B,AF1C,AF1D,AF1E,AF1F,AF20,AF21,AF22,AF23,AF24,AF25,AF26,AF27,AF28,AF29,AF2A,AF2B,AF2C,AF2D,AF2E,AF2F,AF30,AF31,AF32,AF33,AF34,AF35,AF36,AF37,AF38,AF39,AF3A,AF3B,AF3C,AF3D,AF3E,AF3F,AF40,AF41,AF42,AF43);path=ClipVault;sourceTree="<group>";};
TF00={isa=PBXFileReference;lastKnownFileType=sourcecode.swift;path=ProjectCodableTests.swift;sourceTree="<group>";};
TB00={isa=PBXBuildFile;fileRef=TF00;};
TF01={isa=PBXFileReference;lastKnownFileType=sourcecode.swift;path=ClipCodableTests.swift;sourceTree="<group>";};
TB01={isa=PBXBuildFile;fileRef=TF01;};
TF02={isa=PBXFileReference;lastKnownFileType=sourcecode.swift;path=RatingAndSuggestionTests.swift;sourceTree="<group>";};
TB02={isa=PBXBuildFile;fileRef=TF02;};
TF03={isa=PBXFileReference;lastKnownFileType=sourcecode.swift;path=StreamingCopyServiceTests.swift;sourceTree="<group>";};
TB03={isa=PBXBuildFile;fileRef=TF03;};
TF04={isa=PBXFileReference;lastKnownFileType=sourcecode.swift;path=VerificationServiceTests.swift;sourceTree="<group>";};
TB04={isa=PBXBuildFile;fileRef=TF04;};
TF05={isa=PBXFileReference;lastKnownFileType=sourcecode.swift;path=SourceScannerTests.swift;sourceTree="<group>";};
TB05={isa=PBXBuildFile;fileRef=TF05;};
TF06={isa=PBXFileReference;lastKnownFileType=sourcecode.swift;path=ClipExportServiceTests.swift;sourceTree="<group>";};
TB06={isa=PBXBuildFile;fileRef=TF06;};
TF07={isa=PBXFileReference;lastKnownFileType=sourcecode.swift;path=DiagnosticsReportServiceTests.swift;sourceTree="<group>";};
TB07={isa=PBXBuildFile;fileRef=TF07;};
TF08={isa=PBXFileReference;lastKnownFileType=sourcecode.swift;path=PreflightMediaCheckTests.swift;sourceTree="<group>";};
TB08={isa=PBXBuildFile;fileRef=TF08;};
TF09={isa=PBXFileReference;lastKnownFileType=sourcecode.swift;path=FileMoveServiceTests.swift;sourceTree="<group>";};
TB09={isa=PBXBuildFile;fileRef=TF09;};
TF0A={isa=PBXFileReference;lastKnownFileType=sourcecode.swift;path=IngestServiceTests.swift;sourceTree="<group>";};
TB0A={isa=PBXBuildFile;fileRef=TF0A;};
TF0B={isa=PBXFileReference;lastKnownFileType=sourcecode.swift;path=GitHubUpdateCheckServiceTests.swift;sourceTree="<group>";};
TB0B={isa=PBXBuildFile;fileRef=TF0B;};
G4={isa=PBXGroup;children=(TF00,TF01,TF02,TF03,TF04,TF05,TF06,TF07,TF08,TF09,TF0A,TF0B);path=ClipVaultTests;sourceTree="<group>";};
S1={isa=PBXSourcesBuildPhase;buildActionMask=2147483647;files=(AB01,AB02,AB03,AB04,AB05,AB06,AB07,AB08,AB09,AB0A,AB0B,AB0C,AB0D,AB0E,AB0F,AB10,AB11,AB12,AB13,AB14,AB15,AB16,AB17,AB18,AB19,AB1A,AB1B,AB1C,AB1D,AB1E,AB1F,AB20,AB21,AB22,AB23,AB24,AB25,AB26,AB27,AB28,AB29,AB2A,AB2B,AB2C,AB2D,AB2F,AB30,AB31,AB32,AB33,AB34,AB35,AB36,AB37,AB38,AB39,AB3A,AB3B,AB3C,AB3D,AB3E,AB3F,AB40,AB41,AB42,AB43);runOnlyForDeploymentPostprocessing=0;};
F1={isa=PBXFrameworksBuildPhase;buildActionMask=2147483647;files=();runOnlyForDeploymentPostprocessing=0;};
R1={isa=PBXResourcesBuildPhase;buildActionMask=2147483647;files=(AB2E);runOnlyForDeploymentPostprocessing=0;};
S2={isa=PBXSourcesBuildPhase;buildActionMask=2147483647;files=(TB00,TB01,TB02,TB03,TB04,TB05,TB06,TB07,TB08,TB09,TB0A,TB0B);runOnlyForDeploymentPostprocessing=0;};
F2={isa=PBXFrameworksBuildPhase;buildActionMask=2147483647;files=();runOnlyForDeploymentPostprocessing=0;};
R2={isa=PBXResourcesBuildPhase;buildActionMask=2147483647;files=();runOnlyForDeploymentPostprocessing=0;};
CL1={isa=XCConfigurationList;buildConfigurations=(BC1,BC2);defaultConfigurationIsVisible=0;defaultConfigurationName=Release;};
CL2={isa=XCConfigurationList;buildConfigurations=(BC3,BC4);defaultConfigurationIsVisible=0;defaultConfigurationName=Release;};
CL3={isa=XCConfigurationList;buildConfigurations=(BC5,BC6);defaultConfigurationIsVisible=0;defaultConfigurationName=Release;};
BC1={isa=XCBuildConfiguration;buildSettings={ALWAYS_SEARCH_USER_PATHS=NO;CLANG_ENABLE_MODULES=YES;SDKROOT=macosx;ARCHS=arm64;ONLY_ACTIVE_ARCH=YES;SWIFT_VERSION=5.0;SWIFT_STRICT_CONCURRENCY=targeted;SWIFT_OPTIMIZATION_LEVEL="-Onone";};name=Debug;};
BC2={isa=XCBuildConfiguration;buildSettings={ALWAYS_SEARCH_USER_PATHS=NO;CLANG_ENABLE_MODULES=YES;SDKROOT=macosx;ARCHS=arm64;ONLY_ACTIVE_ARCH=YES;SWIFT_VERSION=5.0;SWIFT_STRICT_CONCURRENCY=targeted;SWIFT_OPTIMIZATION_LEVEL="-O";SWIFT_COMPILATION_MODE=wholemodule;};name=Release;};
BC3={isa=XCBuildConfiguration;buildSettings={CODE_SIGN_ENTITLEMENTS=ClipVault/ClipVault.entitlements;CODE_SIGN_STYLE=Automatic;COMBINE_HIDPI_IMAGES=YES;CURRENT_PROJECT_VERSION=1;GENERATE_INFOPLIST_FILE=YES;INFOPLIST_KEY_CFBundleDisplayName=SlateBox;ASSETCATALOG_COMPILER_APPICON_NAME=AppIcon;ENABLE_TESTABILITY=YES;INFOPLIST_KEY_LSApplicationCategoryType="public.app-category.video";INFOPLIST_KEY_NSRemovableVolumesUsageDescription="SlateBox reads camera cards and drives you choose so it can scan sessions and copy clips. It never modifies or deletes files on your cards.";LD_RUNPATH_SEARCH_PATHS="$(inherited) @executable_path/../Frameworks";MARKETING_VERSION=1.0;PRODUCT_BUNDLE_IDENTIFIER=com.slatebox.mac;PRODUCT_NAME=SlateBox;ARCHS=arm64;ONLY_ACTIVE_ARCH=YES;SWIFT_VERSION=5.0;MACOSX_DEPLOYMENT_TARGET=14.0;};name=Debug;};
BC4={isa=XCBuildConfiguration;buildSettings={CODE_SIGN_ENTITLEMENTS=ClipVault/ClipVault.entitlements;CODE_SIGN_STYLE=Automatic;COMBINE_HIDPI_IMAGES=YES;CURRENT_PROJECT_VERSION=1;GENERATE_INFOPLIST_FILE=YES;INFOPLIST_KEY_CFBundleDisplayName=SlateBox;ASSETCATALOG_COMPILER_APPICON_NAME=AppIcon;INFOPLIST_KEY_LSApplicationCategoryType="public.app-category.video";INFOPLIST_KEY_NSRemovableVolumesUsageDescription="SlateBox reads camera cards and drives you choose so it can scan sessions and copy clips. It never modifies or deletes files on your cards.";LD_RUNPATH_SEARCH_PATHS="$(inherited) @executable_path/../Frameworks";MARKETING_VERSION=1.0;PRODUCT_BUNDLE_IDENTIFIER=com.slatebox.mac;PRODUCT_NAME=SlateBox;ARCHS=arm64;ONLY_ACTIVE_ARCH=YES;SWIFT_VERSION=5.0;MACOSX_DEPLOYMENT_TARGET=14.0;};name=Release;};
BC5={isa=XCBuildConfiguration;buildSettings={BUNDLE_LOADER="$(TEST_HOST)";CODE_SIGN_STYLE=Automatic;GENERATE_INFOPLIST_FILE=YES;LD_RUNPATH_SEARCH_PATHS="$(inherited) @executable_path/../Frameworks @loader_path/../Frameworks";MACOSX_DEPLOYMENT_TARGET=14.0;PRODUCT_BUNDLE_IDENTIFIER=com.slatebox.mac.tests;PRODUCT_NAME="$(TARGET_NAME)";ARCHS=arm64;ONLY_ACTIVE_ARCH=YES;SWIFT_VERSION=5.0;TEST_HOST="$(BUILT_PRODUCTS_DIR)/SlateBox.app/Contents/MacOS/SlateBox";};name=Debug;};
BC6={isa=XCBuildConfiguration;buildSettings={BUNDLE_LOADER="$(TEST_HOST)";CODE_SIGN_STYLE=Automatic;GENERATE_INFOPLIST_FILE=YES;LD_RUNPATH_SEARCH_PATHS="$(inherited) @executable_path/../Frameworks @loader_path/../Frameworks";MACOSX_DEPLOYMENT_TARGET=14.0;PRODUCT_BUNDLE_IDENTIFIER=com.slatebox.mac.tests;PRODUCT_NAME="$(TARGET_NAME)";ARCHS=arm64;ONLY_ACTIVE_ARCH=YES;SWIFT_VERSION=5.0;TEST_HOST="$(BUILT_PRODUCTS_DIR)/SlateBox.app/Contents/MacOS/SlateBox";};name=Release;};
};rootObject=P1;}
